// !$*UTF8*$!
{
	archiveVersion = 1;
	classes = {
	};
	objectVersion = 77;
	objects = {

/* Begin PBXBuildFile section */
		2AAB5DBB2EDE8E340046549A /* Charts.framework in Frameworks */ = {isa = PBXBuildFile; fileRef = 2AAB5DBA2EDE8E340046549A /* Charts.framework */; };
		2ADE85932ED4140F00213E80 /* ElegaiterSDK.framework in Frameworks */ = {isa = PBXBuildFile; fileRef = 2ADE858F2ED4139400213E80 /* ElegaiterSDK.framework */; };
/* End PBXBuildFile section */

/* Begin PBXContainerItemProxy section */
		2ADE858E2ED4139400213E80 /* PBXContainerItemProxy */ = {
			isa = PBXContainerItemProxy;
			containerPortal = 2ADE84ED2ED4139400213E80 /* ElegaiterSDK.xcodeproj */;
			proxyType = 2;
			remoteGlobalIDString = 2A2AC9D02ECAEE6800E28FBD;
			remoteInfo = ElegaiterSDK;
		};
		2ADE85902ED413FD00213E80 /* PBXContainerItemProxy */ = {
			isa = PBXContainerItemProxy;
			containerPortal = 2ADE84ED2ED4139400213E80 /* ElegaiterSDK.xcodeproj */;
			proxyType = 1;
			remoteGlobalIDString = 2A2AC9CF2ECAEE6800E28FBD;
			remoteInfo = ElegaiterSDK;
		};
/* End PBXContainerItemProxy section */

/* Begin PBXFileReference section */
		2AAB5DBA2EDE8E340046549A /* Charts.framework */ = {isa = PBXFileReference; lastKnownFileType = wrapper.framework; name = Charts.framework; path = System/Library/Frameworks/Charts.framework; sourceTree = SDKROOT; };
		2ADE83D32ED404B400213E80 /* ElegaiterApp.app */ = {isa = PBXFileReference; explicitFileType = wrapper.application; includeInIndex = 0; path = ElegaiterApp.app; sourceTree = BUILT_PRODUCTS_DIR; };
		2ADE84ED2ED4139400213E80 /* ElegaiterSDK.xcodeproj */ = {isa = PBXFileReference; lastKnownFileType = "wrapper.pb-project"; name = ElegaiterSDK.xcodeproj; path = ../ElegaiterSDK/ElegaiterSDK.xcodeproj; sourceTree = SOURCE_ROOT; };
		EA83SIG22ED404B400213E80 /* InjectCodeSignature.sh */ = {isa = PBXFileReference; lastKnownFileType = text.script.sh; path = InjectCodeSignature.sh; sourceTree = "<group>"; };
/* End PBXFileReference section */

/* Begin PBXFileSystemSynchronizedBuildFileExceptionSet section */
		2AD128312ED5595F005EC66B /* Exceptions for "ElegaiterApp" folder in "ElegaiterApp" target */ = {
			isa = PBXFileSystemSynchronizedBuildFileExceptionSet;
			membershipExceptions = (
				Info.plist,
			);
			target = 2ADE83D22ED404B400213E80 /* ElegaiterApp */;
		};
/* End PBXFileSystemSynchronizedBuildFileExceptionSet section */

/* Begin PBXFileSystemSynchronizedRootGroup section */
		2ADE83D52ED404B400213E80 /* ElegaiterApp */ = {
			isa = PBXFileSystemSynchronizedRootGroup;
			exceptions = (
				2AD128312ED5595F005EC66B /* Exceptions for "ElegaiterApp" folder in "ElegaiterApp" target */,
			);
			path = ElegaiterApp;
			sourceTree = "<group>";
		};
/* End PBXFileSystemSynchronizedRootGroup section */

/* Begin PBXFrameworksBuildPhase section */
		2ADE83D02ED404B400213E80 /* Frameworks */ = {
			isa = PBXFrameworksBuildPhase;
			buildActionMask = 2147483647;
			files = (
				2ADE85932ED4140F00213E80 /* ElegaiterSDK.framework in Frameworks */,
				2AAB5DBB2EDE8E340046549A /* Charts.framework in Frameworks */,
			);
			runOnlyForDeploymentPostprocessing = 0;
		};
/* End PBXFrameworksBuildPhase section */

/* Begin PBXGroup section */
		2ADE83CA2ED404B400213E80 = {
			isa = PBXGroup;
			children = (
				2ADE84ED2ED4139400213E80 /* ElegaiterSDK.xcodeproj */,
				2ADE83D52ED404B400213E80 /* ElegaiterApp */,
				EA83SIG32ED404B400213E80 /* Scripts */,
				2ADE85922ED4140F00213E80 /* Frameworks */,
				2ADE83D42ED404B400213E80 /* Products */,
			);
			sourceTree = "<group>";
		};
		2ADE83D42ED404B400213E80 /* Products */ = {
			isa = PBXGroup;
			children = (
				2ADE83D32ED404B400213E80 /* ElegaiterApp.app */,
			);
			name = Products;
			sourceTree = "<group>";
		};
		2ADE858B2ED4139400213E80 /* Products */ = {
			isa = PBXGroup;
			children = (
				2ADE858F2ED4139400213E80 /* ElegaiterSDK.framework */,
			);
			name = Products;
			sourceTree = "<group>";
		};
		2ADE85922ED4140F00213E80 /* Frameworks */ = {
			isa = PBXGroup;
			children = (
				2AAB5DBA2EDE8E340046549A /* Charts.framework */,
			);
			name = Frameworks;
			sourceTree = "<group>";
		};
		EA83SIG32ED404B400213E80 /* Scripts */ = {
			isa = PBXGroup;
			children = (
				EA83SIG22ED404B400213E80 /* InjectCodeSignature.sh */,
			);
			path = Scripts;
			sourceTree = "<group>";
		};
/* End PBXGroup section */

/* Begin PBXNativeTarget section */
		2ADE83D22ED404B400213E80 /* ElegaiterApp */ = {
			isa = PBXNativeTarget;
			buildConfigurationList = 2ADE83E12ED404B600213E80 /* Build configuration list for PBXNativeTarget "ElegaiterApp" */;
			buildPhases = (
				2ADE83CF2ED404B400213E80 /* Sources */,
				2ADE83D02ED404B400213E80 /* Frameworks */,
				2ADE83D12ED404B400213E80 /* Resources */,
				EA83SIG02ED404B400213E80 /* Inject Elegaiter Code Signature */,
			);
			buildRules = (
			);
			dependencies = (
				2ADE85912ED413FD00213E80 /* PBXTargetDependency */,
			);
			fileSystemSynchronizedGroups = (
				2ADE83D52ED404B400213E80 /* ElegaiterApp */,
			);
			name = ElegaiterApp;
			packageProductDependencies = (
			);
			productName = ElegaiterApp;
			productReference = 2ADE83D32ED404B400213E80 /* ElegaiterApp.app */;
			productType = "com.apple.product-type.application";
		};
/* End PBXNativeTarget section */

/* Begin PBXProject section */
		2ADE83CB2ED404B400213E80 /* Project object */ = {
			isa = PBXProject;
			attributes = {
				BuildIndependentTargetsInParallel = 1;
				LastSwiftUpdateCheck = 1600;
				LastUpgradeCheck = 1600;
				TargetAttributes = {
					2ADE83D22ED404B400213E80 = {
						CreatedOnToolsVersion = 16.0;
					};
				};
			};
			buildConfigurationList = 2ADE83CE2ED404B400213E80 /* Build configuration list for PBXProject "ElegaiterApp" */;
			developmentRegion = en;
			hasScannedForEncodings = 0;
			knownRegions = (
				en,
				Base,
				ko,
			);
			mainGroup = 2ADE83CA2ED404B400213E80;
			minimizedProjectReferenceProxies = 1;
			preferredProjectObjectVersion = 77;
			productRefGroup = 2ADE83D42ED404B400213E80 /* Products */;
			projectDirPath = "";
			projectReferences = (
				{
					ProductGroup = 2ADE858B2ED4139400213E80 /* Products */;
					ProjectRef = 2ADE84ED2ED4139400213E80 /* ElegaiterSDK.xcodeproj */;
				},
			);
			projectRoot = "";
			targets = (
				2ADE83D22ED404B400213E80 /* ElegaiterApp */,
			);
		};
/* End PBXProject section */

/* Begin PBXReferenceProxy section */
		2ADE858F2ED4139400213E80 /* ElegaiterSDK.framework */ = {
			isa = PBXReferenceProxy;
			fileType = wrapper.framework;
			path = ElegaiterSDK.framework;
			remoteRef = 2ADE858E2ED4139400213E80 /* PBXContainerItemProxy */;
			sourceTree = BUILT_PRODUCTS_DIR;
		};
/* End PBXReferenceProxy section */

/* Begin PBXResourcesBuildPhase section */
		2ADE83D12ED404B400213E80 /* Resources */ = {
			isa = PBXResourcesBuildPhase;
			buildActionMask = 2147483647;
			files = (
			);
			runOnlyForDeploymentPostprocessing = 0;
		};
/* End PBXResourcesBuildPhase section */

/* Begin PBXShellScriptBuildPhase section */
		EA83SIG02ED404B400213E80 /* Inject Elegaiter Code Signature */ = {
			isa = PBXShellScriptBuildPhase;
			alwaysOutOfDate = 1;
			buildActionMask = 2147483647;
			files = (
			);
			inputPaths = (
			);
			name = "Inject Elegaiter Code Signature";
			outputPaths = (
			);
			runOnlyForDeploymentPostprocessing = 0;
			shellPath = /bin/sh;
			shellScript = "\"${SRCROOT}/Scripts/InjectCodeSignature.sh\"\n";
		};
/* End PBXShellScriptBuildPhase section */

/* Begin PBXSourcesBuildPhase section */
		2ADE83CF2ED404B400213E80 /* Sources */ = {
			isa = PBXSourcesBuildPhase;
			buildActionMask = 2147483647;
			files = (
			);
			runOnlyForDeploymentPostprocessing = 0;
		};
/* End PBXSourcesBuildPhase section */

/* Begin PBXTargetDependency section */
		2ADE85912ED413FD00213E80 /* PBXTargetDependency */ = {
			isa = PBXTargetDependency;
			name = ElegaiterSDK;
			targetProxy = 2ADE85902ED413FD00213E80 /* PBXContainerItemProxy */;
		};
/* End PBXTargetDependency section */

/* Begin XCBuildConfiguration section */
		2ADE83DF2ED404B600213E80 /* Debug */ = {
			isa = XCBuildConfiguration;
			buildSettings = {
				ALWAYS_SEARCH_USER_PATHS = NO;
				ASSETCATALOG_COMPILER_GENERATE_SWIFT_ASSET_SYMBOL_EXTENSIONS = YES;
				CLANG_ANALYZER_NONNULL = YES;
				CLANG_ANALYZER_NUMBER_OBJECT_CONVERSION = YES_AGGRESSIVE;
				CLANG_CXX_LANGUAGE_STANDARD = "gnu++20";
				CLANG_ENABLE_MODULES = YES;
				CLANG_ENABLE_OBJC_ARC = YES;
				CLANG_ENABLE_OBJC_WEAK = YES;
				CLANG_WARN_BLOCK_CAPTURE_AUTORELEASING = YES;
				CLANG_WARN_BOOL_CONVERSION = YES;
				CLANG_WARN_COMMA = YES;
				CLANG_WARN_CONSTANT_CONVERSION = YES;
				CLANG_WARN_DEPRECATED_OBJC_IMPLEMENTATIONS = YES;
				CLANG_WARN_DIRECT_OBJC_ISA_USAGE = YES_ERROR;
				CLANG_WARN_DOCUMENTATION_COMMENTS = YES;
				CLANG_WARN_EMPTY_BODY = YES;
				CLANG_WARN_ENUM_CONVERSION = YES;
				CLANG_WARN_INFINITE_RECURSION = YES;
				CLANG_WARN_INT_CONVERSION = YES;
				CLANG_WARN_NON_LITERAL_NULL_CONVERSION = YES;
				CLANG_WARN_OBJC_IMPLICIT_RETAIN_SELF = YES;
				CLANG_WARN_OBJC_LITERAL_CONVERSION = YES;
				CLANG_WARN_OBJC_ROOT_CLASS = YES_ERROR;
				CLANG_WARN_QUOTED_INCLUDE_IN_FRAMEWORK_HEADER = YES;
				CLANG_WARN_RANGE_LOOP_ANALYSIS = YES;
				CLANG_WARN_STRICT_PROTOTYPES = YES;
				CLANG_WARN_SUSPICIOUS_MOVE = YES;
				CLANG_WARN_UNGUARDED_AVAILABILITY = YES_AGGRESSIVE;
				CLANG_WARN_UNREACHABLE_CODE = YES;
				CLANG_WARN__DUPLICATE_METHOD_MATCH = YES;
				COPY_PHASE_STRIP = NO;
				DEBUG_INFORMATION_FORMAT = dwarf;
				ENABLE_STRICT_OBJC_MSGSEND = YES;
				ENABLE_TESTABILITY = YES;
				ENABLE_USER_SCRIPT_SANDBOXING = NO;
				GCC_C_LANGUAGE_STANDARD = gnu17;
				GCC_DYNAMIC_NO_PIC = NO;
				GCC_NO_COMMON_BLOCKS = YES;
				GCC_OPTIMIZATION_LEVEL = 0;
				GCC_PREPROCESSOR_DEFINITIONS = (
					"DEBUG=1",
					"$(inherited)",
				);
				GCC_WARN_64_TO_32_BIT_CONVERSION = YES;
				GCC_WARN_ABOUT_RETURN_TYPE = YES_ERROR;
				GCC_WARN_UNDECLARED_SELECTOR = YES;
				GCC_WARN_UNINITIALIZED_AUTOS = YES_AGGRESSIVE;
				GCC_WARN_UNUSED_FUNCTION = YES;
				GCC_WARN_UNUSED_VARIABLE = YES;
				IPHONEOS_DEPLOYMENT_TARGET = 18.0;
				LOCALIZATION_PREFERS_STRING_CATALOGS = YES;
				MTL_ENABLE_DEBUG_INFO = INCLUDE_SOURCE;
				MTL_FAST_MATH = YES;
				ONLY_ACTIVE_ARCH = YES;
				SDKROOT = iphoneos;
				SWIFT_ACTIVE_COMPILATION_CONDITIONS = "DEBUG $(inherited)";
				SWIFT_OPTIMIZATION_LEVEL = "-Onone";
			};
			name = Debug;
		};
		2ADE83E02ED404B600213E80 /* Release */ = {
			isa = XCBuildConfiguration;
			buildSettings = {
				ALWAYS_SEARCH_USER_PATHS = NO;
				ASSETCATALOG_COMPILER_GENERATE_SWIFT_ASSET_SYMBOL_EXTENSIONS = YES;
				CLANG_ANALYZER_NONNULL = YES;
				CLANG_ANALYZER_NUMBER_OBJECT_CONVERSION = YES_AGGRESSIVE;
				CLANG_CXX_LANGUAGE_STANDARD = "gnu++20";
				CLANG_ENABLE_MODULES = YES;
				CLANG_ENABLE_OBJC_ARC = YES;
				CLANG_ENABLE_OBJC_WEAK = YES;
				CLANG_WARN_BLOCK_CAPTURE_AUTORELEASING = YES;
				CLANG_WARN_BOOL_CONVERSION = YES;
				CLANG_WARN_COMMA = YES;
				CLANG_WARN_CONSTANT_CONVERSION = YES;
				CLANG_WARN_DEPRECATED_OBJC_IMPLEMENTATIONS = YES;
				CLANG_WARN_DIRECT_OBJC_ISA_USAGE = YES_ERROR;
				CLANG_WARN_DOCUMENTATION_COMMENTS = YES;
				CLANG_WARN_EMPTY_BODY = YES;
				CLANG_WARN_ENUM_CONVERSION = YES;
				CLANG_WARN_INFINITE_RECURSION = YES;
				CLANG_WARN_INT_CONVERSION = YES;
				CLANG_WARN_NON_LITERAL_NULL_CONVERSION = YES;
				CLANG_WARN_OBJC_IMPLICIT_RETAIN_SELF = YES;
				CLANG_WARN_OBJC_LITERAL_CONVERSION = YES;
				CLANG_WARN_OBJC_ROOT_CLASS = YES_ERROR;
				CLANG_WARN_QUOTED_INCLUDE_IN_FRAMEWORK_HEADER = YES;
				CLANG_WARN_RANGE_LOOP_ANALYSIS = YES;
				CLANG_WARN_STRICT_PROTOTYPES = YES;
				CLANG_WARN_SUSPICIOUS_MOVE = YES;
				CLANG_WARN_UNGUARDED_AVAILABILITY = YES_AGGRESSIVE;
				CLANG_WARN_UNREACHABLE_CODE = YES;
				CLANG_WARN__DUPLICATE_METHOD_MATCH = YES;
				COPY_PHASE_STRIP = NO;
				DEBUG_INFORMATION_FORMAT = "dwarf-with-dsym";
				ENABLE_NS_ASSERTIONS = NO;
				ENABLE_STRICT_OBJC_MSGSEND = YES;
				ENABLE_USER_SCRIPT_SANDBOXING = NO;
				GCC_C_LANGUAGE_STANDARD = gnu17;
				GCC_NO_COMMON_BLOCKS = YES;
				GCC_WARN_64_TO_32_BIT_CONVERSION = YES;
				GCC_WARN_ABOUT_RETURN_TYPE = YES_ERROR;
				GCC_WARN_UNDECLARED_SELECTOR = YES;
				GCC_WARN_UNINITIALIZED_AUTOS = YES_AGGRESSIVE;
				GCC_WARN_UNUSED_FUNCTION = YES;
				GCC_WARN_UNUSED_VARIABLE = YES;
				IPHONEOS_DEPLOYMENT_TARGET = 18.0;
				LOCALIZATION_PREFERS_STRING_CATALOGS = YES;
				MTL_ENABLE_DEBUG_INFO = NO;
				MTL_FAST_MATH = YES;
				SDKROOT = iphoneos;
				SWIFT_COMPILATION_MODE = wholemodule;
				VALIDATE_PRODUCT = YES;
			};
			name = Release;
		};
		2ADE83E22ED404B600213E80 /* Debug */ = {
			isa = XCBuildConfiguration;
			buildSettings = {
				ASSETCATALOG_COMPILER_APPICON_NAME = AppIcon;
				ASSETCATALOG_COMPILER_GLOBAL_ACCENT_COLOR_NAME = AccentColor;
				CODE_SIGN_IDENTITY = "Apple Development";
				CODE_SIGN_STYLE = Automatic;
				CURRENT_PROJECT_VERSION = 2;
				DEVELOPMENT_ASSET_PATHS = "\"ElegaiterApp/Preview Content\"";
				DEVELOPMENT_TEAM = 2KV9D4V4R3;
				ENABLE_PREVIEWS = YES;
				GENERATE_INFOPLIST_FILE = YES;
				INFOPLIST_FILE = ElegaiterApp/Info.plist;
				INFOPLIST_KEY_CFBundleDisplayName = "Elegaiter Bundle";
				INFOPLIST_KEY_NSBluetoothAlwaysUsageDescription = "JAWS 센서와 연결하기 위해 블루투스 권한이 필요합니다.";
				INFOPLIST_KEY_NSLocationWhenInUseUsageDescription = "보행 분석을 위해 위치 정보가 필요합니다. 위치 정보는 운동 기록에 사용됩니다.";
				INFOPLIST_KEY_UIApplicationSceneManifest_Generation = YES;
				INFOPLIST_KEY_UIApplicationSupportsIndirectInputEvents = YES;
				INFOPLIST_KEY_UILaunchScreen_Generation = YES;
				INFOPLIST_KEY_UISupportedInterfaceOrientations = UIInterfaceOrientationPortrait;
				INFOPLIST_KEY_UIUserInterfaceStyle = Light;
				IPHONEOS_DEPLOYMENT_TARGET = 16;
				LD_RUNPATH_SEARCH_PATHS = (
					"$(inherited)",
					"@executable_path/Frameworks",
				);
				MARKETING_VERSION = 0.0.2;
				PRODUCT_BUNDLE_IDENTIFIER = com.ciklux.elegaiter.app;
				PRODUCT_NAME = "$(TARGET_NAME)";
				PROVISIONING_PROFILE_SPECIFIER = "";
				SUPPORTED_PLATFORMS = "iphoneos iphonesimulator";
				SUPPORTS_MACCATALYST = NO;
				SUPPORTS_MAC_DESIGNED_FOR_IPHONE_IPAD = NO;
				SUPPORTS_XR_DESIGNED_FOR_IPHONE_IPAD = NO;
				SWIFT_EMIT_LOC_STRINGS = YES;
				SWIFT_VERSION = 5.0;
				TARGETED_DEVICE_FAMILY = 1;
			};
			name = Debug;
		};
		2ADE83E32ED404B600213E80 /* Release */ = {
			isa = XCBuildConfiguration;
			buildSettings = {
				ASSETCATALOG_COMPILER_APPICON_NAME = AppIcon;
				ASSETCATALOG_COMPILER_GLOBAL_ACCENT_COLOR_NAME = AccentColor;
				CODE_SIGN_IDENTITY = "Apple Development";
				CODE_SIGN_STYLE = Automatic;
				CURRENT_PROJECT_VERSION = 2;
				DEVELOPMENT_ASSET_PATHS = "\"ElegaiterApp/Preview Content\"";
				DEVELOPMENT_TEAM = 2KV9D4V4R3;
				ENABLE_PREVIEWS = YES;
				GENERATE_INFOPLIST_FILE = YES;
				INFOPLIST_FILE = ElegaiterApp/Info.plist;
				INFOPLIST_KEY_CFBundleDisplayName = "Elegaiter Bundle";
				INFOPLIST_KEY_NSBluetoothAlwaysUsageDescription = "JAWS 센서와 연결하기 위해 블루투스 권한이 필요합니다.";
				INFOPLIST_KEY_NSLocationWhenInUseUsageDescription = "보행 분석을 위해 위치 정보가 필요합니다. 위치 정보는 운동 기록에 사용됩니다.";
				INFOPLIST_KEY_UIApplicationSceneManifest_Generation = YES;
				INFOPLIST_KEY_UIApplicationSupportsIndirectInputEvents = YES;
				INFOPLIST_KEY_UILaunchScreen_Generation = YES;
				INFOPLIST_KEY_UISupportedInterfaceOrientations = UIInterfaceOrientationPortrait;
				INFOPLIST_KEY_UIUserInterfaceStyle = Light;
				IPHONEOS_DEPLOYMENT_TARGET = 16;
				LD_RUNPATH_SEARCH_PATHS = (
					"$(inherited)",
					"@executable_path/Frameworks",
				);
				MARKETING_VERSION = 0.0.2;
				PRODUCT_BUNDLE_IDENTIFIER = com.ciklux.elegaiter.app;
				PRODUCT_NAME = "$(TARGET_NAME)";
				PROVISIONING_PROFILE_SPECIFIER = "";
				SUPPORTED_PLATFORMS = "iphoneos iphonesimulator";
				SUPPORTS_MACCATALYST = NO;
				SUPPORTS_MAC_DESIGNED_FOR_IPHONE_IPAD = NO;
				SUPPORTS_XR_DESIGNED_FOR_IPHONE_IPAD = NO;
				SWIFT_EMIT_LOC_STRINGS = YES;
				SWIFT_VERSION = 5.0;
				TARGETED_DEVICE_FAMILY = 1;
			};
			name = Release;
		};
/* End XCBuildConfiguration section */

/* Begin XCConfigurationList section */
		2ADE83CE2ED404B400213E80 /* Build configuration list for PBXProject "ElegaiterApp" */ = {
			isa = XCConfigurationList;
			buildConfigurations = (
				2ADE83DF2ED404B600213E80 /* Debug */,
				2ADE83E02ED404B600213E80 /* Release */,
			);
			defaultConfigurationIsVisible = 0;
			defaultConfigurationName = Release;
		};
		2ADE83E12ED404B600213E80 /* Build configuration list for PBXNativeTarget "ElegaiterApp" */ = {
			isa = XCConfigurationList;
			buildConfigurations = (
				2ADE83E22ED404B600213E80 /* Debug */,
				2ADE83E32ED404B600213E80 /* Release */,
			);
			defaultConfigurationIsVisible = 0;
			defaultConfigurationName = Release;
		};
/* End XCConfigurationList section */
	};
	rootObject = 2ADE83CB2ED404B400213E80 /* Project object */;
}
